
Microsoft Visual Studio Solution File, Format Version 12.00
# Visual Studio Version 16
VisualStudioVersion = 16.0.30804.86
MinimumVisualStudioVersion = 10.0.40219.1
Project("{FAE04EC0-301F-11D3-BF4B-00C04F79EFBC}") = "SonicMode", "SonicMode/SonicMode.csproj", "{B010467D-E91F-4B15-8DDD-B88C41854CF2}"
EndProject
Global
	GlobalSection(SolutionConfigurationPlatforms) = preSolution
		Debug|Any CPU = Debug|Any CPU
		Release|Any CPU = Release|Any CPU
	EndGlobalSection
	GlobalSection(ProjectConfigurationPlatforms) = postSolution
		{B010467D-E91F-4B15-8DDD-B88C41854CF2}.Debug|Any CPU.ActiveCfg = Debug|Any CPU
		{B010467D-E91F-4B15-8DDD-B88C41854CF2}.Debug|Any CPU.Build.0 = Debug|Any CPU
		{B010467D-E91F-4B15-8DDD-B88C41854CF2}.Release|Any CPU.ActiveCfg = Release|Any CPU
		{B010467D-E91F-4B15-8DDD-B88C41854CF2}.Release|Any CPU.Build.0 = Release|Any CPU
	EndGlobalSection
	GlobalSection(SolutionProperties) = preSolution
		HideSolutionNode = FALSE
	EndGlobalSection
	GlobalSection(ExtensibilityGlobals) = postSolution
		SolutionGuid = {3D2892D1-7719-4A63-AB66-D0BF1214D1CA}
	EndGlobalSection
EndGlobal
